Microsoft Visual Studio Solution File, Format Version 11.00
# Visual Studio 2008

Project("{7A4FE07F-ED8F-5662-FF5B-BDC689F34BDF}") = "LostInCondensation", "Assembly-CSharp.csproj", "{979B875D-2B06-350F-80FB-14E78E80B67F}"
EndProject
Project("{7A4FE07F-ED8F-5662-FF5B-BDC689F34BDF}") = "LostInCondensation", "Assembly-CSharp-Editor.csproj", "{F5C1B920-179C-BC5C-B073-E1380AB7DFE1}"
EndProject
Global
	GlobalSection(SolutionConfigurationPlatforms) = preSolution
		Debug|Any CPU = Debug|Any CPU
		Release|Any CPU = Release|Any CPU
	EndGlobalSection
	GlobalSection(ProjectConfigurationPlatforms) = postSolution
		{979B875D-2B06-350F-80FB-14E78E80B67F}.Debug|Any CPU.ActiveCfg = Debug|Any CPU
		{979B875D-2B06-350F-80FB-14E78E80B67F}.Debug|Any CPU.Build.0 = Debug|Any CPU
		{979B875D-2B06-350F-80FB-14E78E80B67F}.Release|Any CPU.ActiveCfg = Release|Any CPU
		{979B875D-2B06-350F-80FB-14E78E80B67F}.Release|Any CPU.Build.0 = Release|Any CPU
		{F5C1B920-179C-BC5C-B073-E1380AB7DFE1}.Debug|Any CPU.ActiveCfg = Debug|Any CPU
		{F5C1B920-179C-BC5C-B073-E1380AB7DFE1}.Debug|Any CPU.Build.0 = Debug|Any CPU
		{F5C1B920-179C-BC5C-B073-E1380AB7DFE1}.Release|Any CPU.ActiveCfg = Release|Any CPU
		{F5C1B920-179C-BC5C-B073-E1380AB7DFE1}.Release|Any CPU.Build.0 = Release|Any CPU
	EndGlobalSection
	GlobalSection(SolutionProperties) = preSolution
		HideSolutionNode = FALSE
	EndGlobalSection
	GlobalSection(MonoDevelopProperties) = preSolution
		StartupItem = Assembly-CSharp.csproj
	EndGlobalSection
EndGlobal
